
Microsoft Visual Studio Solution File, Format Version 12.00
# Visual Studio 15
VisualStudioVersion = 15.0.28010.2003
MinimumVisualStudioVersion = 10.0.40219.1
Project("{FAE04EC0-301F-11D3-BF4B-00C04F79EFBC}") = "App4MultiWindow.Android", "App4MultiWindow\App4MultiWindow.Android\App4MultiWindow.Android.csproj", "{E6714084-A865-4BE8-9FFB-A14A27372006}"
EndProject
Project("{FAE04EC0-301F-11D3-BF4B-00C04F79EFBC}") = "App4MultiWindow.iOS", "App4MultiWindow\App4MultiWindow.iOS\App4MultiWindow.iOS.csproj", "{06FC2807-C37A-47AC-934A-A6B7B12DE1CF}"
EndProject
Project("{FAE04EC0-301F-11D3-BF4B-00C04F79EFBC}") = "App4MultiWindow.UWP", "App4MultiWindow\App4MultiWindow.UWP\App4MultiWindow.UWP.csproj", "{8E732C97-3FD2-4376-B45B-475C65FAF686}"
EndProject
Project("{FAE04EC0-301F-11D3-BF4B-00C04F79EFBC}") = "App4MultiWindow", "App4MultiWindow\App4MultiWindow\App4MultiWindow.csproj", "{F3B68BF1-3580-4A0B-93C2-22AD93ECC3E5}"
EndProject
Project("{FAE04EC0-301F-11D3-BF4B-00C04F79EFBC}") = "App.Shared", "App.Shared\App.Shared.csproj", "{9D04ED8E-C2A3-43F2-BACF-89007D65B05C}"
EndProject
Global
	GlobalSection(SolutionConfigurationPlatforms) = preSolution
		Ad-Hoc|Any CPU = Ad-Hoc|Any CPU
		Ad-Hoc|ARM = Ad-Hoc|ARM
		Ad-Hoc|iPhone = Ad-Hoc|iPhone
		Ad-Hoc|iPhoneSimulator = Ad-Hoc|iPhoneSimulator
		Ad-Hoc|x64 = Ad-Hoc|x64
		Ad-Hoc|x86 = Ad-Hoc|x86
		AppStore|Any CPU = AppStore|Any CPU
		AppStore|ARM = AppStore|ARM
		AppStore|iPhone = AppStore|iPhone
		AppStore|iPhoneSimulator = AppStore|iPhoneSimulator
		AppStore|x64 = AppStore|x64
		AppStore|x86 = AppStore|x86
		Debug|Any CPU = Debug|Any CPU
		Debug|ARM = Debug|ARM
		Debug|iPhone = Debug|iPhone
		Debug|iPhoneSimulator = Debug|iPhoneSimulator
		Debug|x64 = Debug|x64
		Debug|x86 = Debug|x86
		Release|Any CPU = Release|Any CPU
		Release|ARM = Release|ARM
		Release|iPhone = Release|iPhone
		Release|iPhoneSimulator = Release|iPhoneSimulator
		Release|x64 = Release|x64
		Release|x86 = Release|x86
	EndGlobalSection
	GlobalSection(ProjectConfigurationPlatforms) = postSolution
		{E6714084-A865-4BE8-9FFB-A14A27372006}.Ad-Hoc|Any CPU.ActiveCfg = Release|Any CPU
		{E6714084-A865-4BE8-9FFB-A14A27372006}.Ad-Hoc|Any CPU.Build.0 = Release|Any CPU
		{E6714084-A865-4BE8-9FFB-A14A27372006}.Ad-Hoc|Any CPU.Deploy.0 = Release|Any CPU
		{E6714084-A865-4BE8-9FFB-A14A27372006}.Ad-Hoc|ARM.ActiveCfg = Release|Any CPU
		{E6714084-A865-4BE8-9FFB-A14A27372006}.Ad-Hoc|ARM.Build.0 = Release|Any CPU
		{E6714084-A865-4BE8-9FFB-A14A27372006}.Ad-Hoc|ARM.Deploy.0 = Release|Any CPU
		{E6714084-A865-4BE8-9FFB-A14A27372006}.Ad-Hoc|iPhone.ActiveCfg = Release|Any CPU
		{E6714084-A865-4BE8-9FFB-A14A27372006}.Ad-Hoc|iPhone.Build.0 = Release|Any CPU
		{E6714084-A865-4BE8-9FFB-A14A27372006}.Ad-Hoc|iPhone.Deploy.0 = Release|Any CPU
		{E6714084-A865-4BE8-9FFB-A14A27372006}.Ad-Hoc|iPhoneSimulator.ActiveCfg = Release|Any CPU
		{E6714084-A865-4BE8-9FFB-A14A27372006}.Ad-Hoc|iPhoneSimulator.Build.0 = Release|Any CPU
		{E6714084-A865-4BE8-9FFB-A14A27372006}.Ad-Hoc|iPhoneSimulator.Deploy.0 = Release|Any CPU
		{E6714084-A865-4BE8-9FFB-A14A27372006}.Ad-Hoc|x64.ActiveCfg = Release|Any CPU
		{E6714084-A865-4BE8-9FFB-A14A27372006}.Ad-Hoc|x64.Build.0 = Release|Any CPU
		{E6714084-A865-4BE8-9FFB-A14A27372006}.Ad-Hoc|x64.Deploy.0 = Release|Any CPU
		{E6714084-A865-4BE8-9FFB-A14A27372006}.Ad-Hoc|x86.ActiveCfg = Release|Any CPU
		{E6714084-A865-4BE8-9FFB-A14A27372006}.Ad-Hoc|x86.Build.0 = Release|Any CPU
		{E6714084-A865-4BE8-9FFB-A14A27372006}.Ad-Hoc|x86.Deploy.0 = Release|Any CPU
		{E6714084-A865-4BE8-9FFB-A14A27372006}.AppStore|Any CPU.ActiveCfg = Release|Any CPU
		{E6714084-A865-4BE8-9FFB-A14A27372006}.AppStore|Any CPU.Build.0 = Release|Any CPU
		{E6714084-A865-4BE8-9FFB-A14A27372006}.AppStore|Any CPU.Deploy.0 = Release|Any CPU
		{E6714084-A865-4BE8-9FFB-A14A27372006}.AppStore|ARM.ActiveCfg = Release|Any CPU
		{E6714084-A865-4BE8-9FFB-A14A27372006}.AppStore|ARM.Build.0 = Release|Any CPU
		{E6714084-A865-4BE8-9FFB-A14A27372006}.AppStore|ARM.Deploy.0 = Release|Any CPU
		{E6714084-A865-4BE8-9FFB-A14A27372006}.AppStore|iPhone.ActiveCfg = Release|Any CPU
		{E6714084-A865-4BE8-9FFB-A14A27372006}.AppStore|iPhone.Build.0 = Release|Any CPU
		{E6714084-A865-4BE8-9FFB-A14A27372006}.AppStore|iPhone.Deploy.0 = Release|Any CPU
		{E6714084-A865-4BE8-9FFB-A14A27372006}.AppStore|iPhoneSimulator.ActiveCfg = Release|Any CPU
		{E6714084-A865-4BE8-9FFB-A14A27372006}.AppStore|iPhoneSimulator.Build.0 = Release|Any CPU
		{E6714084-A865-4BE8-9FFB-A14A27372006}.AppStore|iPhoneSimulator.Deploy.0 = Release|Any CPU
		{E6714084-A865-4BE8-9FFB-A14A27372006}.AppStore|x64.ActiveCfg = Release|Any CPU
		{E6714084-A865-4BE8-9FFB-A14A27372006}.AppStore|x64.Build.0 = Release|Any CPU
		{E6714084-A865-4BE8-9FFB-A14A27372006}.AppStore|x64.Deploy.0 = Release|Any CPU
		{E6714084-A865-4BE8-9FFB-A14A27372006}.AppStore|x86.ActiveCfg = Release|Any CPU
		{E6714084-A865-4BE8-9FFB-A14A27372006}.AppStore|x86.Build.0 = Release|Any CPU
		{E6714084-A865-4BE8-9FFB-A14A27372006}.AppStore|x86.Deploy.0 = Release|Any CPU
		{E6714084-A865-4BE8-9FFB-A14A27372006}.Debug|Any CPU.ActiveCfg = Debug|Any CPU
		{E6714084-A865-4BE8-9FFB-A14A27372006}.Debug|Any CPU.Build.0 = Debug|Any CPU
		{E6714084-A865-4BE8-9FFB-A14A27372006}.Debug|Any CPU.Deploy.0 = Debug|Any CPU
		{E6714084-A865-4BE8-9FFB-A14A27372006}.Debug|ARM.ActiveCfg = Debug|Any CPU
		{E6714084-A865-4BE8-9FFB-A14A27372006}.Debug|ARM.Build.0 = Debug|Any CPU
		{E6714084-A865-4BE8-9FFB-A14A27372006}.Debug|ARM.Deploy.0 = Debug|Any CPU
		{E6714084-A865-4BE8-9FFB-A14A27372006}.Debug|iPhone.ActiveCfg = Debug|Any CPU
		{E6714084-A865-4BE8-9FFB-A14A27372006}.Debug|iPhone.Build.0 = Debug|Any CPU
		{E6714084-A865-4BE8-9FFB-A14A27372006}.Debug|iPhone.Deploy.0 = Debug|Any CPU
		{E6714084-A865-4BE8-9FFB-A14A27372006}.Debug|iPhoneSimulator.ActiveCfg = Debug|Any CPU
		{E6714084-A865-4BE8-9FFB-A14A27372006}.Debug|iPhoneSimulator.Build.0 = Debug|Any CPU
		{E6714084-A865-4BE8-9FFB-A14A27372006}.Debug|iPhoneSimulator.Deploy.0 = Debug|Any CPU
		{E6714084-A865-4BE8-9FFB-A14A27372006}.Debug|x64.ActiveCfg = Debug|Any CPU
		{E6714084-A865-4BE8-9FFB-A14A27372006}.Debug|x64.Build.0 = Debug|Any CPU
		{E6714084-A865-4BE8-9FFB-A14A27372006}.Debug|x64.Deploy.0 = Debug|Any CPU
		{E6714084-A865-4BE8-9FFB-A14A27372006}.Debug|x86.ActiveCfg = Debug|Any CPU
		{E6714084-A865-4BE8-9FFB-A14A27372006}.Debug|x86.Build.0 = Debug|Any CPU
		{E6714084-A865-4BE8-9FFB-A14A27372006}.Debug|x86.Deploy.0 = Debug|Any CPU
		{E6714084-A865-4BE8-9FFB-A14A27372006}.Release|Any CPU.ActiveCfg = Release|Any CPU
		{E6714084-A865-4BE8-9FFB-A14A27372006}.Release|Any CPU.Build.0 = Release|Any CPU
		{E6714084-A865-4BE8-9FFB-A14A27372006}.Release|Any CPU.Deploy.0 = Release|Any CPU
		{E6714084-A865-4BE8-9FFB-A14A27372006}.Release|ARM.ActiveCfg = Release|Any CPU
		{E6714084-A865-4BE8-9FFB-A14A27372006}.Release|ARM.Build.0 = Release|Any CPU
		{E6714084-A865-4BE8-9FFB-A14A27372006}.Release|ARM.Deploy.0 = Release|Any CPU
		{E6714084-A865-4BE8-9FFB-A14A27372006}.Release|iPhone.ActiveCfg = Release|Any CPU
		{E6714084-A865-4BE8-9FFB-A14A27372006}.Release|iPhone.Build.0 = Release|Any CPU
		{E6714084-A865-4BE8-9FFB-A14A27372006}.Release|iPhone.Deploy.0 = Release|Any CPU
		{E6714084-A865-4BE8-9FFB-A14A27372006}.Release|iPhoneSimulator.ActiveCfg = Release|Any CPU
		{E6714084-A865-4BE8-9FFB-A14A27372006}.Release|iPhoneSimulator.Build.0 = Release|Any CPU
		{E6714084-A865-4BE8-9FFB-A14A27372006}.Release|iPhoneSimulator.Deploy.0 = Release|Any CPU
		{E6714084-A865-4BE8-9FFB-A14A27372006}.Release|x64.ActiveCfg = Release|Any CPU
		{E6714084-A865-4BE8-9FFB-A14A27372006}.Release|x64.Build.0 = Release|Any CPU
		{E6714084-A865-4BE8-9FFB-A14A27372006}.Release|x64.Deploy.0 = Release|Any CPU
		{E6714084-A865-4BE8-9FFB-A14A27372006}.Release|x86.ActiveCfg = Release|Any CPU
		{E6714084-A865-4BE8-9FFB-A14A27372006}.Release|x86.Build.0 = Release|Any CPU
		{E6714084-A865-4BE8-9FFB-A14A27372006}.Release|x86.Deploy.0 = Release|Any CPU
		{06FC2807-C37A-47AC-934A-A6B7B12DE1CF}.Ad-Hoc|Any CPU.ActiveCfg = Ad-Hoc|iPhone
		{06FC2807-C37A-47AC-934A-A6B7B12DE1CF}.Ad-Hoc|Any CPU.Build.0 = Ad-Hoc|iPhone
		{06FC2807-C37A-47AC-934A-A6B7B12DE1CF}.Ad-Hoc|Any CPU.Deploy.0 = Ad-Hoc|iPhone
		{06FC2807-C37A-47AC-934A-A6B7B12DE1CF}.Ad-Hoc|ARM.ActiveCfg = Ad-Hoc|iPhone
		{06FC2807-C37A-47AC-934A-A6B7B12DE1CF}.Ad-Hoc|ARM.Build.0 = Ad-Hoc|iPhone
		{06FC2807-C37A-47AC-934A-A6B7B12DE1CF}.Ad-Hoc|ARM.Deploy.0 = Ad-Hoc|iPhone
		{06FC2807-C37A-47AC-934A-A6B7B12DE1CF}.Ad-Hoc|iPhone.ActiveCfg = Ad-Hoc|iPhone
		{06FC2807-C37A-47AC-934A-A6B7B12DE1CF}.Ad-Hoc|iPhone.Build.0 = Ad-Hoc|iPhone
		{06FC2807-C37A-47AC-934A-A6B7B12DE1CF}.Ad-Hoc|iPhone.Deploy.0 = Ad-Hoc|iPhone
		{06FC2807-C37A-47AC-934A-A6B7B12DE1CF}.Ad-Hoc|iPhoneSimulator.ActiveCfg = Ad-Hoc|iPhoneSimulator
		{06FC2807-C37A-47AC-934A-A6B7B12DE1CF}.Ad-Hoc|iPhoneSimulator.Build.0 = Ad-Hoc|iPhoneSimulator
		{06FC2807-C37A-47AC-934A-A6B7B12DE1CF}.Ad-Hoc|iPhoneSimulator.Deploy.0 = Ad-Hoc|iPhoneSimulator
		{06FC2807-C37A-47AC-934A-A6B7B12DE1CF}.Ad-Hoc|x64.ActiveCfg = Ad-Hoc|iPhone
		{06FC2807-C37A-47AC-934A-A6B7B12DE1CF}.Ad-Hoc|x64.Build.0 = Ad-Hoc|iPhone
		{06FC2807-C37A-47AC-934A-A6B7B12DE1CF}.Ad-Hoc|x64.Deploy.0 = Ad-Hoc|iPhone
		{06FC2807-C37A-47AC-934A-A6B7B12DE1CF}.Ad-Hoc|x86.ActiveCfg = Ad-Hoc|iPhone
		{06FC2807-C37A-47AC-934A-A6B7B12DE1CF}.Ad-Hoc|x86.Build.0 = Ad-Hoc|iPhone
		{06FC2807-C37A-47AC-934A-A6B7B12DE1CF}.Ad-Hoc|x86.Deploy.0 = Ad-Hoc|iPhone
		{06FC2807-C37A-47AC-934A-A6B7B12DE1CF}.AppStore|Any CPU.ActiveCfg = AppStore|iPhone
		{06FC2807-C37A-47AC-934A-A6B7B12DE1CF}.AppStore|Any CPU.Build.0 = AppStore|iPhone
		{06FC2807-C37A-47AC-934A-A6B7B12DE1CF}.AppStore|Any CPU.Deploy.0 = AppStore|iPhone
		{06FC2807-C37A-47AC-934A-A6B7B12DE1CF}.AppStore|ARM.ActiveCfg = AppStore|iPhone
		{06FC2807-C37A-47AC-934A-A6B7B12DE1CF}.AppStore|ARM.Build.0 = AppStore|iPhone
		{06FC2807-C37A-47AC-934A-A6B7B12DE1CF}.AppStore|ARM.Deploy.0 = AppStore|iPhone
		{06FC2807-C37A-47AC-934A-A6B7B12DE1CF}.AppStore|iPhone.ActiveCfg = AppStore|iPhone
		{06FC2807-C37A-47AC-934A-A6B7B12DE1CF}.AppStore|iPhone.Build.0 = AppStore|iPhone
		{06FC2807-C37A-47AC-934A-A6B7B12DE1CF}.AppStore|iPhone.Deploy.0 = AppStore|iPhone
		{06FC2807-C37A-47AC-934A-A6B7B12DE1CF}.AppStore|iPhoneSimulator.ActiveCfg = AppStore|iPhoneSimulator
		{06FC2807-C37A-47AC-934A-A6B7B12DE1CF}.AppStore|iPhoneSimulator.Build.0 = AppStore|iPhoneSimulator
		{06FC2807-C37A-47AC-934A-A6B7B12DE1CF}.AppStore|iPhoneSimulator.Deploy.0 = AppStore|iPhoneSimulator
		{06FC2807-C37A-47AC-934A-A6B7B12DE1CF}.AppStore|x64.ActiveCfg = AppStore|iPhone
		{06FC2807-C37A-47AC-934A-A6B7B12DE1CF}.AppStore|x64.Build.0 = AppStore|iPhone
		{06FC2807-C37A-47AC-934A-A6B7B12DE1CF}.AppStore|x64.Deploy.0 = AppStore|iPhone
		{06FC2807-C37A-47AC-934A-A6B7B12DE1CF}.AppStore|x86.ActiveCfg = AppStore|iPhone
		{06FC2807-C37A-47AC-934A-A6B7B12DE1CF}.AppStore|x86.Build.0 = AppStore|iPhone
		{06FC2807-C37A-47AC-934A-A6B7B12DE1CF}.AppStore|x86.Deploy.0 = AppStore|iPhone
		{06FC2807-C37A-47AC-934A-A6B7B12DE1CF}.Debug|Any CPU.ActiveCfg = Debug|iPhoneSimulator
		{06FC2807-C37A-47AC-934A-A6B7B12DE1CF}.Debug|Any CPU.Build.0 = Debug|iPhoneSimulator
		{06FC2807-C37A-47AC-934A-A6B7B12DE1CF}.Debug|Any CPU.Deploy.0 = Debug|iPhoneSimulator
		{06FC2807-C37A-47AC-934A-A6B7B12DE1CF}.Debug|ARM.ActiveCfg = Debug|iPhone
		{06FC2807-C37A-47AC-934A-A6B7B12DE1CF}.Debug|ARM.Build.0 = Debug|iPhone
		{06FC2807-C37A-47AC-934A-A6B7B12DE1CF}.Debug|ARM.Deploy.0 = Debug|iPhone
		{06FC2807-C37A-47AC-934A-A6B7B12DE1CF}.Debug|iPhone.ActiveCfg = Debug|iPhone
		{06FC2807-C37A-47AC-934A-A6B7B12DE1CF}.Debug|iPhone.Build.0 = Debug|iPhone
		{06FC2807-C37A-47AC-934A-A6B7B12DE1CF}.Debug|iPhone.Deploy.0 = Debug|iPhone
		{06FC2807-C37A-47AC-934A-A6B7B12DE1CF}.Debug|iPhoneSimulator.ActiveCfg = Debug|iPhoneSimulator
		{06FC2807-C37A-47AC-934A-A6B7B12DE1CF}.Debug|iPhoneSimulator.Build.0 = Debug|iPhoneSimulator
		{06FC2807-C37A-47AC-934A-A6B7B12DE1CF}.Debug|iPhoneSimulator.Deploy.0 = Debug|iPhoneSimulator
		{06FC2807-C37A-47AC-934A-A6B7B12DE1CF}.Debug|x64.ActiveCfg = Debug|iPhone
		{06FC2807-C37A-47AC-934A-A6B7B12DE1CF}.Debug|x64.Build.0 = Debug|iPhone
		{06FC2807-C37A-47AC-934A-A6B7B12DE1CF}.Debug|x64.Deploy.0 = Debug|iPhone
		{06FC2807-C37A-47AC-934A-A6B7B12DE1CF}.Debug|x86.ActiveCfg = Debug|iPhone
		{06FC2807-C37A-47AC-934A-A6B7B12DE1CF}.Debug|x86.Build.0 = Debug|iPhone
		{06FC2807-C37A-47AC-934A-A6B7B12DE1CF}.Debug|x86.Deploy.0 = Debug|iPhone
		{06FC2807-C37A-47AC-934A-A6B7B12DE1CF}.Release|Any CPU.ActiveCfg = Release|iPhone
		{06FC2807-C37A-47AC-934A-A6B7B12DE1CF}.Release|Any CPU.Build.0 = Release|iPhone
		{06FC2807-C37A-47AC-934A-A6B7B12DE1CF}.Release|Any CPU.Deploy.0 = Release|iPhone
		{06FC2807-C37A-47AC-934A-A6B7B12DE1CF}.Release|ARM.ActiveCfg = Release|iPhone
		{06FC2807-C37A-47AC-934A-A6B7B12DE1CF}.Release|ARM.Build.0 = Release|iPhone
		{06FC2807-C37A-47AC-934A-A6B7B12DE1CF}.Release|ARM.Deploy.0 = Release|iPhone
		{06FC2807-C37A-47AC-934A-A6B7B12DE1CF}.Release|iPhone.ActiveCfg = Release|iPhone
		{06FC2807-C37A-47AC-934A-A6B7B12DE1CF}.Release|iPhone.Build.0 = Release|iPhone
		{06FC2807-C37A-47AC-934A-A6B7B12DE1CF}.Release|iPhone.Deploy.0 = Release|iPhone
		{06FC2807-C37A-47AC-934A-A6B7B12DE1CF}.Release|iPhoneSimulator.ActiveCfg = Release|iPhoneSimulator
		{06FC2807-C37A-47AC-934A-A6B7B12DE1CF}.Release|iPhoneSimulator.Build.0 = Release|iPhoneSimulator
		{06FC2807-C37A-47AC-934A-A6B7B12DE1CF}.Release|iPhoneSimulator.Deploy.0 = Release|iPhoneSimulator
		{06FC2807-C37A-47AC-934A-A6B7B12DE1CF}.Release|x64.ActiveCfg = Release|iPhone
		{06FC2807-C37A-47AC-934A-A6B7B12DE1CF}.Release|x64.Build.0 = Release|iPhone
		{06FC2807-C37A-47AC-934A-A6B7B12DE1CF}.Release|x64.Deploy.0 = Release|iPhone
		{06FC2807-C37A-47AC-934A-A6B7B12DE1CF}.Release|x86.ActiveCfg = Release|iPhone
		{06FC2807-C37A-47AC-934A-A6B7B12DE1CF}.Release|x86.Build.0 = Release|iPhone
		{06FC2807-C37A-47AC-934A-A6B7B12DE1CF}.Release|x86.Deploy.0 = Release|iPhone
		{8E732C97-3FD2-4376-B45B-475C65FAF686}.Ad-Hoc|Any CPU.ActiveCfg = Release|x86
		{8E732C97-3FD2-4376-B45B-475C65FAF686}.Ad-Hoc|Any CPU.Build.0 = Release|x86
		{8E732C97-3FD2-4376-B45B-475C65FAF686}.Ad-Hoc|Any CPU.Deploy.0 = Release|x86
		{8E732C97-3FD2-4376-B45B-475C65FAF686}.Ad-Hoc|ARM.ActiveCfg = Release|ARM
		{8E732C97-3FD2-4376-B45B-475C65FAF686}.Ad-Hoc|ARM.Build.0 = Release|ARM
		{8E732C97-3FD2-4376-B45B-475C65FAF686}.Ad-Hoc|ARM.Deploy.0 = Release|ARM
		{8E732C97-3FD2-4376-B45B-475C65FAF686}.Ad-Hoc|iPhone.ActiveCfg = Release|x86
		{8E732C97-3FD2-4376-B45B-475C65FAF686}.Ad-Hoc|iPhone.Build.0 = Release|x86
		{8E732C97-3FD2-4376-B45B-475C65FAF686}.Ad-Hoc|iPhone.Deploy.0 = Release|x86
		{8E732C97-3FD2-4376-B45B-475C65FAF686}.Ad-Hoc|iPhoneSimulator.ActiveCfg = Release|x86
		{8E732C97-3FD2-4376-B45B-475C65FAF686}.Ad-Hoc|iPhoneSimulator.Build.0 = Release|x86
		{8E732C97-3FD2-4376-B45B-475C65FAF686}.Ad-Hoc|iPhoneSimulator.Deploy.0 = Release|x86
		{8E732C97-3FD2-4376-B45B-475C65FAF686}.Ad-Hoc|x64.ActiveCfg = Release|x64
		{8E732C97-3FD2-4376-B45B-475C65FAF686}.Ad-Hoc|x64.Build.0 = Release|x64
		{8E732C97-3FD2-4376-B45B-475C65FAF686}.Ad-Hoc|x64.Deploy.0 = Release|x64
		{8E732C97-3FD2-4376-B45B-475C65FAF686}.Ad-Hoc|x86.ActiveCfg = Release|x86
		{8E732C97-3FD2-4376-B45B-475C65FAF686}.Ad-Hoc|x86.Build.0 = Release|x86
		{8E732C97-3FD2-4376-B45B-475C65FAF686}.Ad-Hoc|x86.Deploy.0 = Release|x86
		{8E732C97-3FD2-4376-B45B-475C65FAF686}.AppStore|Any CPU.ActiveCfg = Release|x86
		{8E732C97-3FD2-4376-B45B-475C65FAF686}.AppStore|Any CPU.Build.0 = Release|x86
		{8E732C97-3FD2-4376-B45B-475C65FAF686}.AppStore|Any CPU.Deploy.0 = Release|x86
		{8E732C97-3FD2-4376-B45B-475C65FAF686}.AppStore|ARM.ActiveCfg = Release|ARM
		{8E732C97-3FD2-4376-B45B-475C65FAF686}.AppStore|ARM.Build.0 = Release|ARM
		{8E732C97-3FD2-4376-B45B-475C65FAF686}.AppStore|ARM.Deploy.0 = Release|ARM
		{8E732C97-3FD2-4376-B45B-475C65FAF686}.AppStore|iPhone.ActiveCfg = Release|x86
		{8E732C97-3FD2-4376-B45B-475C65FAF686}.AppStore|iPhone.Build.0 = Release|x86
		{8E732C97-3FD2-4376-B45B-475C65FAF686}.AppStore|iPhone.Deploy.0 = Release|x86
		{8E732C97-3FD2-4376-B45B-475C65FAF686}.AppStore|iPhoneSimulator.ActiveCfg = Release|x86
		{8E732C97-3FD2-4376-B45B-475C65FAF686}.AppStore|iPhoneSimulator.Build.0 = Release|x86
		{8E732C97-3FD2-4376-B45B-475C65FAF686}.AppStore|iPhoneSimulator.Deploy.0 = Release|x86
		{8E732C97-3FD2-4376-B45B-475C65FAF686}.AppStore|x64.ActiveCfg = Release|x64
		{8E732C97-3FD2-4376-B45B-475C65FAF686}.AppStore|x64.Build.0 = Release|x64
		{8E732C97-3FD2-4376-B45B-475C65FAF686}.AppStore|x64.Deploy.0 = Release|x64
		{8E732C97-3FD2-4376-B45B-475C65FAF686}.AppStore|x86.ActiveCfg = Release|x86
		{8E732C97-3FD2-4376-B45B-475C65FAF686}.AppStore|x86.Build.0 = Release|x86
		{8E732C97-3FD2-4376-B45B-475C65FAF686}.AppStore|x86.Deploy.0 = Release|x86
		{8E732C97-3FD2-4376-B45B-475C65FAF686}.Debug|Any CPU.ActiveCfg = Debug|x86
		{8E732C97-3FD2-4376-B45B-475C65FAF686}.Debug|Any CPU.Build.0 = Debug|x86
		{8E732C97-3FD2-4376-B45B-475C65FAF686}.Debug|Any CPU.Deploy.0 = Debug|x86
		{8E732C97-3FD2-4376-B45B-475C65FAF686}.Debug|ARM.ActiveCfg = Debug|ARM
		{8E732C97-3FD2-4376-B45B-475C65FAF686}.Debug|ARM.Build.0 = Debug|ARM
		{8E732C97-3FD2-4376-B45B-475C65FAF686}.Debug|ARM.Deploy.0 = Debug|ARM
		{8E732C97-3FD2-4376-B45B-475C65FAF686}.Debug|iPhone.ActiveCfg = Debug|x86
		{8E732C97-3FD2-4376-B45B-475C65FAF686}.Debug|iPhone.Build.0 = Debug|x86
		{8E732C97-3FD2-4376-B45B-475C65FAF686}.Debug|iPhone.Deploy.0 = Debug|x86
		{8E732C97-3FD2-4376-B45B-475C65FAF686}.Debug|iPhoneSimulator.ActiveCfg = Debug|x86
		{8E732C97-3FD2-4376-B45B-475C65FAF686}.Debug|iPhoneSimulator.Build.0 = Debug|x86
		{8E732C97-3FD2-4376-B45B-475C65FAF686}.Debug|iPhoneSimulator.Deploy.0 = Debug|x86
		{8E732C97-3FD2-4376-B45B-475C65FAF686}.Debug|x64.ActiveCfg = Debug|x64
		{8E732C97-3FD2-4376-B45B-475C65FAF686}.Debug|x64.Build.0 = Debug|x64
		{8E732C97-3FD2-4376-B45B-475C65FAF686}.Debug|x64.Deploy.0 = Debug|x64
		{8E732C97-3FD2-4376-B45B-475C65FAF686}.Debug|x86.ActiveCfg = Debug|x86
		{8E732C97-3FD2-4376-B45B-475C65FAF686}.Debug|x86.Build.0 = Debug|x86
		{8E732C97-3FD2-4376-B45B-475C65FAF686}.Debug|x86.Deploy.0 = Debug|x86
		{8E732C97-3FD2-4376-B45B-475C65FAF686}.Release|Any CPU.ActiveCfg = Release|x86
		{8E732C97-3FD2-4376-B45B-475C65FAF686}.Release|Any CPU.Build.0 = Release|x86
		{8E732C97-3FD2-4376-B45B-475C65FAF686}.Release|Any CPU.Deploy.0 = Release|x86
		{8E732C97-3FD2-4376-B45B-475C65FAF686}.Release|ARM.ActiveCfg = Release|ARM
		{8E732C97-3FD2-4376-B45B-475C65FAF686}.Release|ARM.Build.0 = Release|ARM
		{8E732C97-3FD2-4376-B45B-475C65FAF686}.Release|ARM.Deploy.0 = Release|ARM
		{8E732C97-3FD2-4376-B45B-475C65FAF686}.Release|iPhone.ActiveCfg = Release|x86
		{8E732C97-3FD2-4376-B45B-475C65FAF686}.Release|iPhone.Build.0 = Release|x86
		{8E732C97-3FD2-4376-B45B-475C65FAF686}.Release|iPhone.Deploy.0 = Release|x86
		{8E732C97-3FD2-4376-B45B-475C65FAF686}.Release|iPhoneSimulator.ActiveCfg = Release|x86
		{8E732C97-3FD2-4376-B45B-475C65FAF686}.Release|iPhoneSimulator.Build.0 = Release|x86
		{8E732C97-3FD2-4376-B45B-475C65FAF686}.Release|iPhoneSimulator.Deploy.0 = Release|x86
		{8E732C97-3FD2-4376-B45B-475C65FAF686}.Release|x64.ActiveCfg = Release|x64
		{8E732C97-3FD2-4376-B45B-475C65FAF686}.Release|x64.Build.0 = Release|x64
		{8E732C97-3FD2-4376-B45B-475C65FAF686}.Release|x64.Deploy.0 = Release|x64
		{8E732C97-3FD2-4376-B45B-475C65FAF686}.Release|x86.ActiveCfg = Release|x86
		{8E732C97-3FD2-4376-B45B-475C65FAF686}.Release|x86.Build.0 = Release|x86
		{8E732C97-3FD2-4376-B45B-475C65FAF686}.Release|x86.Deploy.0 = Release|x86
		{F3B68BF1-3580-4A0B-93C2-22AD93ECC3E5}.Ad-Hoc|Any CPU.ActiveCfg = Debug|Any CPU
		{F3B68BF1-3580-4A0B-93C2-22AD93ECC3E5}.Ad-Hoc|Any CPU.Build.0 = Debug|Any CPU
		{F3B68BF1-3580-4A0B-93C2-22AD93ECC3E5}.Ad-Hoc|Any CPU.Deploy.0 = Debug|Any CPU
		{F3B68BF1-3580-4A0B-93C2-22AD93ECC3E5}.Ad-Hoc|ARM.ActiveCfg = Debug|Any CPU
		{F3B68BF1-3580-4A0B-93C2-22AD93ECC3E5}.Ad-Hoc|ARM.Build.0 = Debug|Any CPU
		{F3B68BF1-3580-4A0B-93C2-22AD93ECC3E5}.Ad-Hoc|ARM.Deploy.0 = Debug|Any CPU
		{F3B68BF1-3580-4A0B-93C2-22AD93ECC3E5}.Ad-Hoc|iPhone.ActiveCfg = Debug|Any CPU
		{F3B68BF1-3580-4A0B-93C2-22AD93ECC3E5}.Ad-Hoc|iPhone.Build.0 = Debug|Any CPU
		{F3B68BF1-3580-4A0B-93C2-22AD93ECC3E5}.Ad-Hoc|iPhone.Deploy.0 = Debug|Any CPU
		{F3B68BF1-3580-4A0B-93C2-22AD93ECC3E5}.Ad-Hoc|iPhoneSimulator.ActiveCfg = Debug|Any CPU
		{F3B68BF1-3580-4A0B-93C2-22AD93ECC3E5}.Ad-Hoc|iPhoneSimulator.Build.0 = Debug|Any CPU
		{F3B68BF1-3580-4A0B-93C2-22AD93ECC3E5}.Ad-Hoc|iPhoneSimulator.Deploy.0 = Debug|Any CPU
		{F3B68BF1-3580-4A0B-93C2-22AD93ECC3E5}.Ad-Hoc|x64.ActiveCfg = Debug|Any CPU
		{F3B68BF1-3580-4A0B-93C2-22AD93ECC3E5}.Ad-Hoc|x64.Build.0 = Debug|Any CPU
		{F3B68BF1-3580-4A0B-93C2-22AD93ECC3E5}.Ad-Hoc|x64.Deploy.0 = Debug|Any CPU
		{F3B68BF1-3580-4A0B-93C2-22AD93ECC3E5}.Ad-Hoc|x86.ActiveCfg = Debug|Any CPU
		{F3B68BF1-3580-4A0B-93C2-22AD93ECC3E5}.Ad-Hoc|x86.Build.0 = Debug|Any CPU
		{F3B68BF1-3580-4A0B-93C2-22AD93ECC3E5}.Ad-Hoc|x86.Deploy.0 = Debug|Any CPU
		{F3B68BF1-3580-4A0B-93C2-22AD93ECC3E5}.AppStore|Any CPU.ActiveCfg = Debug|Any CPU
		{F3B68BF1-3580-4A0B-93C2-22AD93ECC3E5}.AppStore|Any CPU.Build.0 = Debug|Any CPU
		{F3B68BF1-3580-4A0B-93C2-22AD93ECC3E5}.AppStore|Any CPU.Deploy.0 = Debug|Any CPU
		{F3B68BF1-3580-4A0B-93C2-22AD93ECC3E5}.AppStore|ARM.ActiveCfg = Debug|Any CPU
		{F3B68BF1-3580-4A0B-93C2-22AD93ECC3E5}.AppStore|ARM.Build.0 = Debug|Any CPU
		{F3B68BF1-3580-4A0B-93C2-22AD93ECC3E5}.AppStore|ARM.Deploy.0 = Debug|Any CPU
		{F3B68BF1-3580-4A0B-93C2-22AD93ECC3E5}.AppStore|iPhone.ActiveCfg = Debug|Any CPU
		{F3B68BF1-3580-4A0B-93C2-22AD93ECC3E5}.AppStore|iPhone.Build.0 = Debug|Any CPU
		{F3B68BF1-3580-4A0B-93C2-22AD93ECC3E5}.AppStore|iPhone.Deploy.0 = Debug|Any CPU
		{F3B68BF1-3580-4A0B-93C2-22AD93ECC3E5}.AppStore|iPhoneSimulator.ActiveCfg = Debug|Any CPU
		{F3B68BF1-3580-4A0B-93C2-22AD93ECC3E5}.AppStore|iPhoneSimulator.Build.0 = Debug|Any CPU
		{F3B68BF1-3580-4A0B-93C2-22AD93ECC3E5}.AppStore|iPhoneSimulator.Deploy.0 = Debug|Any CPU
		{F3B68BF1-3580-4A0B-93C2-22AD93ECC3E5}.AppStore|x64.ActiveCfg = Debug|Any CPU
		{F3B68BF1-3580-4A0B-93C2-22AD93ECC3E5}.AppStore|x64.Build.0 = Debug|Any CPU
		{F3B68BF1-3580-4A0B-93C2-22AD93ECC3E5}.AppStore|x64.Deploy.0 = Debug|Any CPU
		{F3B68BF1-3580-4A0B-93C2-22AD93ECC3E5}.AppStore|x86.ActiveCfg = Debug|Any CPU
		{F3B68BF1-3580-4A0B-93C2-22AD93ECC3E5}.AppStore|x86.Build.0 = Debug|Any CPU
		{F3B68BF1-3580-4A0B-93C2-22AD93ECC3E5}.AppStore|x86.Deploy.0 = Debug|Any CPU
		{F3B68BF1-3580-4A0B-93C2-22AD93ECC3E5}.Debug|Any CPU.ActiveCfg = Debug|Any CPU
		{F3B68BF1-3580-4A0B-93C2-22AD93ECC3E5}.Debug|Any CPU.Build.0 = Debug|Any CPU
		{F3B68BF1-3580-4A0B-93C2-22AD93ECC3E5}.Debug|Any CPU.Deploy.0 = Debug|Any CPU
		{F3B68BF1-3580-4A0B-93C2-22AD93ECC3E5}.Debug|ARM.ActiveCfg = Debug|Any CPU
		{F3B68BF1-3580-4A0B-93C2-22AD93ECC3E5}.Debug|ARM.Build.0 = Debug|Any CPU
		{F3B68BF1-3580-4A0B-93C2-22AD93ECC3E5}.Debug|ARM.Deploy.0 = Debug|Any CPU
		{F3B68BF1-3580-4A0B-93C2-22AD93ECC3E5}.Debug|iPhone.ActiveCfg = Debug|Any CPU
		{F3B68BF1-3580-4A0B-93C2-22AD93ECC3E5}.Debug|iPhone.Build.0 = Debug|Any CPU
		{F3B68BF1-3580-4A0B-93C2-22AD93ECC3E5}.Debug|iPhone.Deploy.0 = Debug|Any CPU
		{F3B68BF1-3580-4A0B-93C2-22AD93ECC3E5}.Debug|iPhoneSimulator.ActiveCfg = Debug|Any CPU
		{F3B68BF1-3580-4A0B-93C2-22AD93ECC3E5}.Debug|iPhoneSimulator.Build.0 = Debug|Any CPU
		{F3B68BF1-3580-4A0B-93C2-22AD93ECC3E5}.Debug|iPhoneSimulator.Deploy.0 = Debug|Any CPU
		{F3B68BF1-3580-4A0B-93C2-22AD93ECC3E5}.Debug|x64.ActiveCfg = Debug|Any CPU
		{F3B68BF1-3580-4A0B-93C2-22AD93ECC3E5}.Debug|x64.Build.0 = Debug|Any CPU
		{F3B68BF1-3580-4A0B-93C2-22AD93ECC3E5}.Debug|x64.Deploy.0 = Debug|Any CPU
		{F3B68BF1-3580-4A0B-93C2-22AD93ECC3E5}.Debug|x86.ActiveCfg = Debug|Any CPU
		{F3B68BF1-3580-4A0B-93C2-22AD93ECC3E5}.Debug|x86.Build.0 = Debug|Any CPU
		{F3B68BF1-3580-4A0B-93C2-22AD93ECC3E5}.Debug|x86.Deploy.0 = Debug|Any CPU
		{F3B68BF1-3580-4A0B-93C2-22AD93ECC3E5}.Release|Any CPU.ActiveCfg = Release|Any CPU
		{F3B68BF1-3580-4A0B-93C2-22AD93ECC3E5}.Release|Any CPU.Build.0 = Release|Any CPU
		{F3B68BF1-3580-4A0B-93C2-22AD93ECC3E5}.Release|Any CPU.Deploy.0 = Release|Any CPU
		{F3B68BF1-3580-4A0B-93C2-22AD93ECC3E5}.Release|ARM.ActiveCfg = Release|Any CPU
		{F3B68BF1-3580-4A0B-93C2-22AD93ECC3E5}.Release|ARM.Build.0 = Release|Any CPU
		{F3B68BF1-3580-4A0B-93C2-22AD93ECC3E5}.Release|ARM.Deploy.0 = Release|Any CPU
		{F3B68BF1-3580-4A0B-93C2-22AD93ECC3E5}.Release|iPhone.ActiveCfg = Release|Any CPU
		{F3B68BF1-3580-4A0B-93C2-22AD93ECC3E5}.Release|iPhone.Build.0 = Release|Any CPU
		{F3B68BF1-3580-4A0B-93C2-22AD93ECC3E5}.Release|iPhone.Deploy.0 = Release|Any CPU
		{F3B68BF1-3580-4A0B-93C2-22AD93ECC3E5}.Release|iPhoneSimulator.ActiveCfg = Release|Any CPU
		{F3B68BF1-3580-4A0B-93C2-22AD93ECC3E5}.Release|iPhoneSimulator.Build.0 = Release|Any CPU
		{F3B68BF1-3580-4A0B-93C2-22AD93ECC3E5}.Release|iPhoneSimulator.Deploy.0 = Release|Any CPU
		{F3B68BF1-3580-4A0B-93C2-22AD93ECC3E5}.Release|x64.ActiveCfg = Release|Any CPU
		{F3B68BF1-3580-4A0B-93C2-22AD93ECC3E5}.Release|x64.Build.0 = Release|Any CPU
		{F3B68BF1-3580-4A0B-93C2-22AD93ECC3E5}.Release|x64.Deploy.0 = Release|Any CPU
		{F3B68BF1-3580-4A0B-93C2-22AD93ECC3E5}.Release|x86.ActiveCfg = Release|Any CPU
		{F3B68BF1-3580-4A0B-93C2-22AD93ECC3E5}.Release|x86.Build.0 = Release|Any CPU
		{F3B68BF1-3580-4A0B-93C2-22AD93ECC3E5}.Release|x86.Deploy.0 = Release|Any CPU
		{9D04ED8E-C2A3-43F2-BACF-89007D65B05C}.Ad-Hoc|Any CPU.ActiveCfg = Debug|Any CPU
		{9D04ED8E-C2A3-43F2-BACF-89007D65B05C}.Ad-Hoc|Any CPU.Build.0 = Debug|Any CPU
		{9D04ED8E-C2A3-43F2-BACF-89007D65B05C}.Ad-Hoc|ARM.ActiveCfg = Debug|Any CPU
		{9D04ED8E-C2A3-43F2-BACF-89007D65B05C}.Ad-Hoc|ARM.Build.0 = Debug|Any CPU
		{9D04ED8E-C2A3-43F2-BACF-89007D65B05C}.Ad-Hoc|iPhone.ActiveCfg = Debug|Any CPU
		{9D04ED8E-C2A3-43F2-BACF-89007D65B05C}.Ad-Hoc|iPhone.Build.0 = Debug|Any CPU
		{9D04ED8E-C2A3-43F2-BACF-89007D65B05C}.Ad-Hoc|iPhoneSimulator.ActiveCfg = Debug|Any CPU
		{9D04ED8E-C2A3-43F2-BACF-89007D65B05C}.Ad-Hoc|iPhoneSimulator.Build.0 = Debug|Any CPU
		{9D04ED8E-C2A3-43F2-BACF-89007D65B05C}.Ad-Hoc|x64.ActiveCfg = Debug|Any CPU
		{9D04ED8E-C2A3-43F2-BACF-89007D65B05C}.Ad-Hoc|x64.Build.0 = Debug|Any CPU
		{9D04ED8E-C2A3-43F2-BACF-89007D65B05C}.Ad-Hoc|x86.ActiveCfg = Debug|Any CPU
		{9D04ED8E-C2A3-43F2-BACF-89007D65B05C}.Ad-Hoc|x86.Build.0 = Debug|Any CPU
		{9D04ED8E-C2A3-43F2-BACF-89007D65B05C}.AppStore|Any CPU.ActiveCfg = Debug|Any CPU
		{9D04ED8E-C2A3-43F2-BACF-89007D65B05C}.AppStore|Any CPU.Build.0 = Debug|Any CPU
		{9D04ED8E-C2A3-43F2-BACF-89007D65B05C}.AppStore|ARM.ActiveCfg = Debug|Any CPU
		{9D04ED8E-C2A3-43F2-BACF-89007D65B05C}.AppStore|ARM.Build.0 = Debug|Any CPU
		{9D04ED8E-C2A3-43F2-BACF-89007D65B05C}.AppStore|iPhone.ActiveCfg = Debug|Any CPU
		{9D04ED8E-C2A3-43F2-BACF-89007D65B05C}.AppStore|iPhone.Build.0 = Debug|Any CPU
		{9D04ED8E-C2A3-43F2-BACF-89007D65B05C}.AppStore|iPhoneSimulator.ActiveCfg = Debug|Any CPU
		{9D04ED8E-C2A3-43F2-BACF-89007D65B05C}.AppStore|iPhoneSimulator.Build.0 = Debug|Any CPU
		{9D04ED8E-C2A3-43F2-BACF-89007D65B05C}.AppStore|x64.ActiveCfg = Debug|Any CPU
		{9D04ED8E-C2A3-43F2-BACF-89007D65B05C}.AppStore|x64.Build.0 = Debug|Any CPU
		{9D04ED8E-C2A3-43F2-BACF-89007D65B05C}.AppStore|x86.ActiveCfg = Debug|Any CPU
		{9D04ED8E-C2A3-43F2-BACF-89007D65B05C}.AppStore|x86.Build.0 = Debug|Any CPU
		{9D04ED8E-C2A3-43F2-BACF-89007D65B05C}.Debug|Any CPU.ActiveCfg = Debug|Any CPU
		{9D04ED8E-C2A3-43F2-BACF-89007D65B05C}.Debug|Any CPU.Build.0 = Debug|Any CPU
		{9D04ED8E-C2A3-43F2-BACF-89007D65B05C}.Debug|ARM.ActiveCfg = Debug|Any CPU
		{9D04ED8E-C2A3-43F2-BACF-89007D65B05C}.Debug|ARM.Build.0 = Debug|Any CPU
		{9D04ED8E-C2A3-43F2-BACF-89007D65B05C}.Debug|iPhone.ActiveCfg = Debug|Any CPU
		{9D04ED8E-C2A3-43F2-BACF-89007D65B05C}.Debug|iPhone.Build.0 = Debug|Any CPU
		{9D04ED8E-C2A3-43F2-BACF-89007D65B05C}.Debug|iPhoneSimulator.ActiveCfg = Debug|Any CPU
		{9D04ED8E-C2A3-43F2-BACF-89007D65B05C}.Debug|iPhoneSimulator.Build.0 = Debug|Any CPU
		{9D04ED8E-C2A3-43F2-BACF-89007D65B05C}.Debug|x64.ActiveCfg = Debug|Any CPU
		{9D04ED8E-C2A3-43F2-BACF-89007D65B05C}.Debug|x64.Build.0 = Debug|Any CPU
		{9D04ED8E-C2A3-43F2-BACF-89007D65B05C}.Debug|x86.ActiveCfg = Debug|Any CPU
		{9D04ED8E-C2A3-43F2-BACF-89007D65B05C}.Debug|x86.Build.0 = Debug|Any CPU
		{9D04ED8E-C2A3-43F2-BACF-89007D65B05C}.Release|Any CPU.ActiveCfg = Release|Any CPU
		{9D04ED8E-C2A3-43F2-BACF-89007D65B05C}.Release|Any CPU.Build.0 = Release|Any CPU
		{9D04ED8E-C2A3-43F2-BACF-89007D65B05C}.Release|ARM.ActiveCfg = Release|Any CPU
		{9D04ED8E-C2A3-43F2-BACF-89007D65B05C}.Release|ARM.Build.0 = Release|Any CPU
		{9D04ED8E-C2A3-43F2-BACF-89007D65B05C}.Release|iPhone.ActiveCfg = Release|Any CPU
		{9D04ED8E-C2A3-43F2-BACF-89007D65B05C}.Release|iPhone.Build.0 = Release|Any CPU
		{9D04ED8E-C2A3-43F2-BACF-89007D65B05C}.Release|iPhoneSimulator.ActiveCfg = Release|Any CPU
		{9D04ED8E-C2A3-43F2-BACF-89007D65B05C}.Release|iPhoneSimulator.Build.0 = Release|Any CPU
		{9D04ED8E-C2A3-43F2-BACF-89007D65B05C}.Release|x64.ActiveCfg = Release|Any CPU
		{9D04ED8E-C2A3-43F2-BACF-89007D65B05C}.Release|x64.Build.0 = Release|Any CPU
		{9D04ED8E-C2A3-43F2-BACF-89007D65B05C}.Release|x86.ActiveCfg = Release|Any CPU
		{9D04ED8E-C2A3-43F2-BACF-89007D65B05C}.Release|x86.Build.0 = Release|Any CPU
	EndGlobalSection
	GlobalSection(SolutionProperties) = preSolution
		HideSolutionNode = FALSE
	EndGlobalSection
	GlobalSection(ExtensibilityGlobals) = postSolution
		SolutionGuid = {6B21985F-767F-4708-BF78-708F3EAF7E0C}
	EndGlobalSection
EndGlobal
